PODS:
  - SwiftUIInfinityScroll (0.0.1)

DEPENDENCIES:
  - SwiftUIInfinityScroll (~> 0.0.1)

SPEC REPOS:
  trunk:
    - SwiftUIInfinityScroll

SPEC CHECKSUMS:
  SwiftUIInfinityScroll: 51a3fe949acfeba50365e442e478e82d68885e53

PODFILE CHECKSUM: 1af2486e872a0a7529df27666cd5dd35f8209e58

COCOAPODS: 1.8.4
