// !$*UTF8*$!
{
	archiveVersion = 1;
	classes = {
	};
	objectVersion = 50;
	objects = {

/* Begin PBXBuildFile section */
		B9EF98AF2446CDC70095A3AE /* AppDelegate.swift in Sources */ = {isa = PBXBuildFile; fileRef = B9EF98AE2446CDC70095A3AE /* AppDelegate.swift */; };
		B9EF98B12446CDC70095A3AE /* SceneDelegate.swift in Sources */ = {isa = PBXBuildFile; fileRef = B9EF98B02446CDC70095A3AE /* SceneDelegate.swift */; };
		B9EF98B32446CDC70095A3AE /* ContentView.swift in Sources */ = {isa = PBXBuildFile; fileRef = B9EF98B22446CDC70095A3AE /* ContentView.swift */; };
		B9EF98B52446CDC80095A3AE /* Assets.xcassets in Resources */ = {isa = PBXBuildFile; fileRef = B9EF98B42446CDC80095A3AE /* Assets.xcassets */; };
		B9EF98B82446CDC80095A3AE /* Preview Assets.xcassets in Resources */ = {isa = PBXBuildFile; fileRef = B9EF98B72446CDC80095A3AE /* Preview Assets.xcassets */; };
		B9EF98BB2446CDC80095A3AE /* LaunchScreen.storyboard in Resources */ = {isa = PBXBuildFile; fileRef = B9EF98B92446CDC80095A3AE /* LaunchScreen.storyboard */; };
		B9EF98D72446CF450095A3AE /* InfinityScrollState.swift in Sources */ = {isa = PBXBuildFile; fileRef = B9EF98D22446CF450095A3AE /* InfinityScrollState.swift */; };
		B9EF98D82446CF450095A3AE /* HorizontalInifinityScrollVIew.swift in Sources */ = {isa = PBXBuildFile; fileRef = B9EF98D32446CF450095A3AE /* HorizontalInifinityScrollVIew.swift */; };
		B9EF98D92446CF450095A3AE /* ItemGeneratable.swift in Sources */ = {isa = PBXBuildFile; fileRef = B9EF98D52446CF450095A3AE /* ItemGeneratable.swift */; };
		B9EF98DA2446CF450095A3AE /* InfinityScroll.swift in Sources */ = {isa = PBXBuildFile; fileRef = B9EF98D62446CF450095A3AE /* InfinityScroll.swift */; };
		B9EF98E32446CF6D0095A3AE /* ScrollState.swift in Sources */ = {isa = PBXBuildFile; fileRef = B9EF98DD2446CF6D0095A3AE /* ScrollState.swift */; };
		B9EF98E42446CF6D0095A3AE /* PositionScrollView.swift in Sources */ = {isa = PBXBuildFile; fileRef = B9EF98DE2446CF6D0095A3AE /* PositionScrollView.swift */; };
		B9EF98E52446CF6D0095A3AE /* Scroll.swift in Sources */ = {isa = PBXBuildFile; fileRef = B9EF98E02446CF6D0095A3AE /* Scroll.swift */; };
		B9EF98E62446CF6D0095A3AE /* ScrollDetector.swift in Sources */ = {isa = PBXBuildFile; fileRef = B9EF98E12446CF6D0095A3AE /* ScrollDetector.swift */; };
		B9EF98E72446CF6D0095A3AE /* PositionScrollViewDelegate.swift in Sources */ = {isa = PBXBuildFile; fileRef = B9EF98E22446CF6D0095A3AE /* PositionScrollViewDelegate.swift */; };
		B9F393FC2446D0B100A79013 /* HorizontalScrollView.swift in Sources */ = {isa = PBXBuildFile; fileRef = B9F393FB2446D0B100A79013 /* HorizontalScrollView.swift */; };
		B9F393FE2446D55F00A79013 /* ScrollSetting.swift in Sources */ = {isa = PBXBuildFile; fileRef = B9F393FD2446D55F00A79013 /* ScrollSetting.swift */; };
/* End PBXBuildFile section */

/* Begin PBXFileReference section */
		B9EF98AB2446CDC70095A3AE /* SwiftUIInfinityScrollExample.app */ = {isa = PBXFileReference; explicitFileType = wrapper.application; includeInIndex = 0; path = SwiftUIInfinityScrollExample.app; sourceTree = BUILT_PRODUCTS_DIR; };
		B9EF98AE2446CDC70095A3AE /* AppDelegate.swift */ = {isa = PBXFileReference; lastKnownFileType = sourcecode.swift; path = AppDelegate.swift; sourceTree = "<group>"; };
		B9EF98B02446CDC70095A3AE /* SceneDelegate.swift */ = {isa = PBXFileReference; lastKnownFileType = sourcecode.swift; path = SceneDelegate.swift; sourceTree = "<group>"; };
		B9EF98B22446CDC70095A3AE /* ContentView.swift */ = {isa = PBXFileReference; lastKnownFileType = sourcecode.swift; path = ContentView.swift; sourceTree = "<group>"; };
		B9EF98B42446CDC80095A3AE /* Assets.xcassets */ = {isa = PBXFileReference; lastKnownFileType = folder.assetcatalog; path = Assets.xcassets; sourceTree = "<group>"; };
		B9EF98B72446CDC80095A3AE /* Preview Assets.xcassets */ = {isa = PBXFileReference; lastKnownFileType = folder.assetcatalog; path = "Preview Assets.xcassets"; sourceTree = "<group>"; };
		B9EF98BA2446CDC80095A3AE /* Base */ = {isa = PBXFileReference; lastKnownFileType = file.storyboard; name = Base; path = Base.lproj/LaunchScreen.storyboard; sourceTree = "<group>"; };
		B9EF98BC2446CDC80095A3AE /* Info.plist */ = {isa = PBXFileReference; lastKnownFileType = text.plist.xml; path = Info.plist; sourceTree = "<group>"; };
		B9EF98D22446CF450095A3AE /* InfinityScrollState.swift */ = {isa = PBXFileReference; fileEncoding = 4; lastKnownFileType = sourcecode.swift; path = InfinityScrollState.swift; sourceTree = "<group>"; };
		B9EF98D32446CF450095A3AE /* HorizontalInifinityScrollVIew.swift */ = {isa = PBXFileReference; fileEncoding = 4; lastKnownFileType = sourcecode.swift; path = HorizontalInifinityScrollVIew.swift; sourceTree = "<group>"; };
		B9EF98D52446CF450095A3AE /* ItemGeneratable.swift */ = {isa = PBXFileReference; fileEncoding = 4; lastKnownFileType = sourcecode.swift; path = ItemGeneratable.swift; sourceTree = "<group>"; };
		B9EF98D62446CF450095A3AE /* InfinityScroll.swift */ = {isa = PBXFileReference; fileEncoding = 4; lastKnownFileType = sourcecode.swift; path = InfinityScroll.swift; sourceTree = "<group>"; };
		B9EF98DD2446CF6D0095A3AE /* ScrollState.swift */ = {isa = PBXFileReference; fileEncoding = 4; lastKnownFileType = sourcecode.swift; path = ScrollState.swift; sourceTree = "<group>"; };
		B9EF98DE2446CF6D0095A3AE /* PositionScrollView.swift */ = {isa = PBXFileReference; fileEncoding = 4; lastKnownFileType = sourcecode.swift; path = PositionScrollView.swift; sourceTree = "<group>"; };
		B9EF98E02446CF6D0095A3AE /* Scroll.swift */ = {isa = PBXFileReference; fileEncoding = 4; lastKnownFileType = sourcecode.swift; path = Scroll.swift; sourceTree = "<group>"; };
		B9EF98E12446CF6D0095A3AE /* ScrollDetector.swift */ = {isa = PBXFileReference; fileEncoding = 4; lastKnownFileType = sourcecode.swift; path = ScrollDetector.swift; sourceTree = "<group>"; };
		B9EF98E22446CF6D0095A3AE /* PositionScrollViewDelegate.swift */ = {isa = PBXFileReference; fileEncoding = 4; lastKnownFileType = sourcecode.swift; path = PositionScrollViewDelegate.swift; sourceTree = "<group>"; };
		B9F393FB2446D0B100A79013 /* HorizontalScrollView.swift */ = {isa = PBXFileReference; lastKnownFileType = sourcecode.swift; path = HorizontalScrollView.swift; sourceTree = "<group>"; };
		B9F393FD2446D55F00A79013 /* ScrollSetting.swift */ = {isa = PBXFileReference; lastKnownFileType = sourcecode.swift; path = ScrollSetting.swift; sourceTree = "<group>"; };
/* End PBXFileReference section */

/* Begin PBXFrameworksBuildPhase section */
		B9EF98A82446CDC70095A3AE /* Frameworks */ = {
			isa = PBXFrameworksBuildPhase;
			buildActionMask = 2147483647;
			files = (
			);
			runOnlyForDeploymentPostprocessing = 0;
		};
/* End PBXFrameworksBuildPhase section */

/* Begin PBXGroup section */
		B9EF98A22446CDC70095A3AE = {
			isa = PBXGroup;
			children = (
				B9EF98DB2446CF6D0095A3AE /* PositionScrollView */,
				B9EF98CF2446CF450095A3AE /* Sources */,
				B9EF98AD2446CDC70095A3AE /* SwiftUIInfinityScrollExample */,
				B9EF98AC2446CDC70095A3AE /* Products */,
			);
			sourceTree = "<group>";
		};
		B9EF98AC2446CDC70095A3AE /* Products */ = {
			isa = PBXGroup;
			children = (
				B9EF98AB2446CDC70095A3AE /* SwiftUIInfinityScrollExample.app */,
			);
			name = Products;
			sourceTree = "<group>";
		};
		B9EF98AD2446CDC70095A3AE /* SwiftUIInfinityScrollExample */ = {
			isa = PBXGroup;
			children = (
				B9F393FA2446D09700A79013 /* Examples */,
				B9EF98AE2446CDC70095A3AE /* AppDelegate.swift */,
				B9EF98B02446CDC70095A3AE /* SceneDelegate.swift */,
				B9EF98B22446CDC70095A3AE /* ContentView.swift */,
				B9EF98B42446CDC80095A3AE /* Assets.xcassets */,
				B9EF98B92446CDC80095A3AE /* LaunchScreen.storyboard */,
				B9EF98BC2446CDC80095A3AE /* Info.plist */,
				B9EF98B62446CDC80095A3AE /* Preview Content */,
			);
			path = SwiftUIInfinityScrollExample;
			sourceTree = "<group>";
		};
		B9EF98B62446CDC80095A3AE /* Preview Content */ = {
			isa = PBXGroup;
			children = (
				B9EF98B72446CDC80095A3AE /* Preview Assets.xcassets */,
			);
			path = "Preview Content";
			sourceTree = "<group>";
		};
		B9EF98CF2446CF450095A3AE /* Sources */ = {
			isa = PBXGroup;
			children = (
				B9EF98D02446CF450095A3AE /* InfinityScrollView */,
			);
			name = Sources;
			path = ../Sources;
			sourceTree = "<group>";
		};
		B9EF98D02446CF450095A3AE /* InfinityScrollView */ = {
			isa = PBXGroup;
			children = (
				B9F394012446EFA900A79013 /* View */,
				B9EF98D12446CF450095A3AE /* VIewModel */,
				B9EF98D42446CF450095A3AE /* Model */,
			);
			path = InfinityScrollView;
			sourceTree = "<group>";
		};
		B9EF98D12446CF450095A3AE /* VIewModel */ = {
			isa = PBXGroup;
			children = (
				B9EF98D22446CF450095A3AE /* InfinityScrollState.swift */,
			);
			path = VIewModel;
			sourceTree = "<group>";
		};
		B9EF98D42446CF450095A3AE /* Model */ = {
			isa = PBXGroup;
			children = (
				B9EF98D52446CF450095A3AE /* ItemGeneratable.swift */,
				B9EF98D62446CF450095A3AE /* InfinityScroll.swift */,
			);
			path = Model;
			sourceTree = "<group>";
		};
		B9EF98DB2446CF6D0095A3AE /* PositionScrollView */ = {
			isa = PBXGroup;
			children = (
				B9EF98DC2446CF6D0095A3AE /* ViewModel */,
				B9EF98DE2446CF6D0095A3AE /* PositionScrollView.swift */,
				B9EF98DF2446CF6D0095A3AE /* Model */,
			);
			name = PositionScrollView;
			path = ../../PositionScrollView/Sources/PositionScrollView;
			sourceTree = "<group>";
		};
		B9EF98DC2446CF6D0095A3AE /* ViewModel */ = {
			isa = PBXGroup;
			children = (
				B9EF98DD2446CF6D0095A3AE /* ScrollState.swift */,
			);
			path = ViewModel;
			sourceTree = "<group>";
		};
		B9EF98DF2446CF6D0095A3AE /* Model */ = {
			isa = PBXGroup;
			children = (
				B9EF98E02446CF6D0095A3AE /* Scroll.swift */,
				B9EF98E12446CF6D0095A3AE /* ScrollDetector.swift */,
				B9EF98E22446CF6D0095A3AE /* PositionScrollViewDelegate.swift */,
				B9F393FD2446D55F00A79013 /* ScrollSetting.swift */,
			);
			path = Model;
			sourceTree = "<group>";
		};
		B9F393FA2446D09700A79013 /* Examples */ = {
			isa = PBXGroup;
			children = (
				B9F393FB2446D0B100A79013 /* HorizontalScrollView.swift */,
			);
			path = Examples;
			sourceTree = "<group>";
		};
		B9F394012446EFA900A79013 /* View */ = {
			isa = PBXGroup;
			children = (
				B9EF98D32446CF450095A3AE /* HorizontalInifinityScrollVIew.swift */,
			);
			path = View;
			sourceTree = "<group>";
		};
/* End PBXGroup section */

/* Begin PBXNativeTarget section */
		B9EF98AA2446CDC70095A3AE /* SwiftUIInfinityScrollExample */ = {
			isa = PBXNativeTarget;
			buildConfigurationList = B9EF98BF2446CDC80095A3AE /* Build configuration list for PBXNativeTarget "SwiftUIInfinityScrollExample" */;
			buildPhases = (
				B9EF98A72446CDC70095A3AE /* Sources */,
				B9EF98A82446CDC70095A3AE /* Frameworks */,
				B9EF98A92446CDC70095A3AE /* Resources */,
			);
			buildRules = (
			);
			dependencies = (
			);
			name = SwiftUIInfinityScrollExample;
			productName = SwiftUIInfinityScrollExample;
			productReference = B9EF98AB2446CDC70095A3AE /* SwiftUIInfinityScrollExample.app */;
			productType = "com.apple.product-type.application";
		};
/* End PBXNativeTarget section */

/* Begin PBXProject section */
		B9EF98A32446CDC70095A3AE /* Project object */ = {
			isa = PBXProject;
			attributes = {
				LastSwiftUpdateCheck = 1140;
				LastUpgradeCheck = 1140;
				ORGANIZATIONNAME = "松本和也";
				TargetAttributes = {
					B9EF98AA2446CDC70095A3AE = {
						CreatedOnToolsVersion = 11.4;
					};
				};
			};
			buildConfigurationList = B9EF98A62446CDC70095A3AE /* Build configuration list for PBXProject "SwiftUIInfinityScrollExample" */;
			compatibilityVersion = "Xcode 9.3";
			developmentRegion = en;
			hasScannedForEncodings = 0;
			knownRegions = (
				en,
				Base,
			);
			mainGroup = B9EF98A22446CDC70095A3AE;
			productRefGroup = B9EF98AC2446CDC70095A3AE /* Products */;
			projectDirPath = "";
			projectRoot = "";
			targets = (
				B9EF98AA2446CDC70095A3AE /* SwiftUIInfinityScrollExample */,
			);
		};
/* End PBXProject section */

/* Begin PBXResourcesBuildPhase section */
		B9EF98A92446CDC70095A3AE /* Resources */ = {
			isa = PBXResourcesBuildPhase;
			buildActionMask = 2147483647;
			files = (
				B9EF98BB2446CDC80095A3AE /* LaunchScreen.storyboard in Resources */,
				B9EF98B82446CDC80095A3AE /* Preview Assets.xcassets in Resources */,
				B9EF98B52446CDC80095A3AE /* Assets.xcassets in Resources */,
			);
			runOnlyForDeploymentPostprocessing = 0;
		};
/* End PBXResourcesBuildPhase section */

/* Begin PBXSourcesBuildPhase section */
		B9EF98A72446CDC70095A3AE /* Sources */ = {
			isa = PBXSourcesBuildPhase;
			buildActionMask = 2147483647;
			files = (
				B9EF98AF2446CDC70095A3AE /* AppDelegate.swift in Sources */,
				B9EF98B12446CDC70095A3AE /* SceneDelegate.swift in Sources */,
				B9EF98DA2446CF450095A3AE /* InfinityScroll.swift in Sources */,
				B9F393FE2446D55F00A79013 /* ScrollSetting.swift in Sources */,
				B9EF98D72446CF450095A3AE /* InfinityScrollState.swift in Sources */,
				B9EF98E32446CF6D0095A3AE /* ScrollState.swift in Sources */,
				B9F393FC2446D0B100A79013 /* HorizontalScrollView.swift in Sources */,
				B9EF98D92446CF450095A3AE /* ItemGeneratable.swift in Sources */,
				B9EF98E72446CF6D0095A3AE /* PositionScrollViewDelegate.swift in Sources */,
				B9EF98E62446CF6D0095A3AE /* ScrollDetector.swift in Sources */,
				B9EF98E42446CF6D0095A3AE /* PositionScrollView.swift in Sources */,
				B9EF98D82446CF450095A3AE /* HorizontalInifinityScrollVIew.swift in Sources */,
				B9EF98E52446CF6D0095A3AE /* Scroll.swift in Sources */,
				B9EF98B32446CDC70095A3AE /* ContentView.swift in Sources */,
			);
			runOnlyForDeploymentPostprocessing = 0;
		};
/* End PBXSourcesBuildPhase section */

/* Begin PBXVariantGroup section */
		B9EF98B92446CDC80095A3AE /* LaunchScreen.storyboard */ = {
			isa = PBXVariantGroup;
			children = (
				B9EF98BA2446CDC80095A3AE /* Base */,
			);
			name = LaunchScreen.storyboard;
			sourceTree = "<group>";
		};
/* End PBXVariantGroup section */

/* Begin XCBuildConfiguration section */
		B9EF98BD2446CDC80095A3AE /* Debug */ = {
			isa = XCBuildConfiguration;
			buildSettings = {
				ALWAYS_SEARCH_USER_PATHS = NO;
				CLANG_ANALYZER_NONNULL = YES;
				CLANG_ANALYZER_NUMBER_OBJECT_CONVERSION = YES_AGGRESSIVE;
				CLANG_CXX_LANGUAGE_STANDARD = "gnu++14";
				CLANG_CXX_LIBRARY = "libc++";
				CLANG_ENABLE_MODULES = YES;
				CLANG_ENABLE_OBJC_ARC = YES;
				CLANG_ENABLE_OBJC_WEAK = YES;
				CLANG_WARN_BLOCK_CAPTURE_AUTORELEASING = YES;
				CLANG_WARN_BOOL_CONVERSION = YES;
				CLANG_WARN_COMMA = YES;
				CLANG_WARN_CONSTANT_CONVERSION = YES;
				CLANG_WARN_DEPRECATED_OBJC_IMPLEMENTATIONS = YES;
				CLANG_WARN_DIRECT_OBJC_ISA_USAGE = YES_ERROR;
				CLANG_WARN_DOCUMENTATION_COMMENTS = YES;
				CLANG_WARN_EMPTY_BODY = YES;
				CLANG_WARN_ENUM_CONVERSION = YES;
				CLANG_WARN_INFINITE_RECURSION = YES;
				CLANG_WARN_INT_CONVERSION = YES;
				CLANG_WARN_NON_LITERAL_NULL_CONVERSION = YES;
				CLANG_WARN_OBJC_IMPLICIT_RETAIN_SELF = YES;
				CLANG_WARN_OBJC_LITERAL_CONVERSION = YES;
				CLANG_WARN_OBJC_ROOT_CLASS = YES_ERROR;
				CLANG_WARN_RANGE_LOOP_ANALYSIS = YES;
				CLANG_WARN_STRICT_PROTOTYPES = YES;
				CLANG_WARN_SUSPICIOUS_MOVE = YES;
				CLANG_WARN_UNGUARDED_AVAILABILITY = YES_AGGRESSIVE;
				CLANG_WARN_UNREACHABLE_CODE = YES;
				CLANG_WARN__DUPLICATE_METHOD_MATCH = YES;
				COPY_PHASE_STRIP = NO;
				DEBUG_INFORMATION_FORMAT = dwarf;
				ENABLE_STRICT_OBJC_MSGSEND = YES;
				ENABLE_TESTABILITY = YES;
				GCC_C_LANGUAGE_STANDARD = gnu11;
				GCC_DYNAMIC_NO_PIC = NO;
				GCC_NO_COMMON_BLOCKS = YES;
				GCC_OPTIMIZATION_LEVEL = 0;
				GCC_PREPROCESSOR_DEFINITIONS = (
					"DEBUG=1",
					"$(inherited)",
				);
				GCC_WARN_64_TO_32_BIT_CONVERSION = YES;
				GCC_WARN_ABOUT_RETURN_TYPE = YES_ERROR;
				GCC_WARN_UNDECLARED_SELECTOR = YES;
				GCC_WARN_UNINITIALIZED_AUTOS = YES_AGGRESSIVE;
				GCC_WARN_UNUSED_FUNCTION = YES;
				GCC_WARN_UNUSED_VARIABLE = YES;
				IPHONEOS_DEPLOYMENT_TARGET = 13.4;
				MTL_ENABLE_DEBUG_INFO = INCLUDE_SOURCE;
				MTL_FAST_MATH = YES;
				ONLY_ACTIVE_ARCH = YES;
				SDKROOT = iphoneos;
				SWIFT_ACTIVE_COMPILATION_CONDITIONS = DEBUG;
				SWIFT_OPTIMIZATION_LEVEL = "-Onone";
			};
			name = Debug;
		};
		B9EF98BE2446CDC80095A3AE /* Release */ = {
			isa = XCBuildConfiguration;
			buildSettings = {
				ALWAYS_SEARCH_USER_PATHS = NO;
				CLANG_ANALYZER_NONNULL = YES;
				CLANG_ANALYZER_NUMBER_OBJECT_CONVERSION = YES_AGGRESSIVE;
				CLANG_CXX_LANGUAGE_STANDARD = "gnu++14";
				CLANG_CXX_LIBRARY = "libc++";
				CLANG_ENABLE_MODULES = YES;
				CLANG_ENABLE_OBJC_ARC = YES;
				CLANG_ENABLE_OBJC_WEAK = YES;
				CLANG_WARN_BLOCK_CAPTURE_AUTORELEASING = YES;
				CLANG_WARN_BOOL_CONVERSION = YES;
				CLANG_WARN_COMMA = YES;
				CLANG_WARN_CONSTANT_CONVERSION = YES;
				CLANG_WARN_DEPRECATED_OBJC_IMPLEMENTATIONS = YES;
				CLANG_WARN_DIRECT_OBJC_ISA_USAGE = YES_ERROR;
				CLANG_WARN_DOCUMENTATION_COMMENTS = YES;
				CLANG_WARN_EMPTY_BODY = YES;
				CLANG_WARN_ENUM_CONVERSION = YES;
				CLANG_WARN_INFINITE_RECURSION = YES;
				CLANG_WARN_INT_CONVERSION = YES;
				CLANG_WARN_NON_LITERAL_NULL_CONVERSION = YES;
				CLANG_WARN_OBJC_IMPLICIT_RETAIN_SELF = YES;
				CLANG_WARN_OBJC_LITERAL_CONVERSION = YES;
				CLANG_WARN_OBJC_ROOT_CLASS = YES_ERROR;
				CLANG_WARN_RANGE_LOOP_ANALYSIS = YES;
				CLANG_WARN_STRICT_PROTOTYPES = YES;
				CLANG_WARN_SUSPICIOUS_MOVE = YES;
				CLANG_WARN_UNGUARDED_AVAILABILITY = YES_AGGRESSIVE;
				CLANG_WARN_UNREACHABLE_CODE = YES;
				CLANG_WARN__DUPLICATE_METHOD_MATCH = YES;
				COPY_PHASE_STRIP = NO;
				DEBUG_INFORMATION_FORMAT = "dwarf-with-dsym";
				ENABLE_NS_ASSERTIONS = NO;
				ENABLE_STRICT_OBJC_MSGSEND = YES;
				GCC_C_LANGUAGE_STANDARD = gnu11;
				GCC_NO_COMMON_BLOCKS = YES;
				GCC_WARN_64_TO_32_BIT_CONVERSION = YES;
				GCC_WARN_ABOUT_RETURN_TYPE = YES_ERROR;
				GCC_WARN_UNDECLARED_SELECTOR = YES;
				GCC_WARN_UNINITIALIZED_AUTOS = YES_AGGRESSIVE;
				GCC_WARN_UNUSED_FUNCTION = YES;
				GCC_WARN_UNUSED_VARIABLE = YES;
				IPHONEOS_DEPLOYMENT_TARGET = 13.4;
				MTL_ENABLE_DEBUG_INFO = NO;
				MTL_FAST_MATH = YES;
				SDKROOT = iphoneos;
				SWIFT_COMPILATION_MODE = wholemodule;
				SWIFT_OPTIMIZATION_LEVEL = "-O";
				VALIDATE_PRODUCT = YES;
			};
			name = Release;
		};
		B9EF98C02446CDC80095A3AE /* Debug */ = {
			isa = XCBuildConfiguration;
			buildSettings = {
				ASSETCATALOG_COMPILER_APPICON_NAME = AppIcon;
				CODE_SIGN_STYLE = Automatic;
				DEVELOPMENT_ASSET_PATHS = "\"SwiftUIInfinityScrollExample/Preview Content\"";
				DEVELOPMENT_TEAM = QKJ8U4Q82U;
				ENABLE_PREVIEWS = YES;
				INFOPLIST_FILE = SwiftUIInfinityScrollExample/Info.plist;
				LD_RUNPATH_SEARCH_PATHS = (
					"$(inherited)",
					"@executable_path/Frameworks",
				);
				PRODUCT_BUNDLE_IDENTIFIER = matsumotokazuya.SwiftUIInfinityScrollExample;
				PRODUCT_NAME = "$(TARGET_NAME)";
				SWIFT_VERSION = 5.0;
				TARGETED_DEVICE_FAMILY = "1,2";
			};
			name = Debug;
		};
		B9EF98C12446CDC80095A3AE /* Release */ = {
			isa = XCBuildConfiguration;
			buildSettings = {
				ASSETCATALOG_COMPILER_APPICON_NAME = AppIcon;
				CODE_SIGN_STYLE = Automatic;
				DEVELOPMENT_ASSET_PATHS = "\"SwiftUIInfinityScrollExample/Preview Content\"";
				DEVELOPMENT_TEAM = QKJ8U4Q82U;
				ENABLE_PREVIEWS = YES;
				INFOPLIST_FILE = SwiftUIInfinityScrollExample/Info.plist;
				LD_RUNPATH_SEARCH_PATHS = (
					"$(inherited)",
					"@executable_path/Frameworks",
				);
				PRODUCT_BUNDLE_IDENTIFIER = matsumotokazuya.SwiftUIInfinityScrollExample;
				PRODUCT_NAME = "$(TARGET_NAME)";
				SWIFT_VERSION = 5.0;
				TARGETED_DEVICE_FAMILY = "1,2";
			};
			name = Release;
		};
/* End XCBuildConfiguration section */

/* Begin XCConfigurationList section */
		B9EF98A62446CDC70095A3AE /* Build configuration list for PBXProject "SwiftUIInfinityScrollExample" */ = {
			isa = XCConfigurationList;
			buildConfigurations = (
				B9EF98BD2446CDC80095A3AE /* Debug */,
				B9EF98BE2446CDC80095A3AE /* Release */,
			);
			defaultConfigurationIsVisible = 0;
			defaultConfigurationName = Release;
		};
		B9EF98BF2446CDC80095A3AE /* Build configuration list for PBXNativeTarget "SwiftUIInfinityScrollExample" */ = {
			isa = XCConfigurationList;
			buildConfigurations = (
				B9EF98C02446CDC80095A3AE /* Debug */,
				B9EF98C12446CDC80095A3AE /* Release */,
			);
			defaultConfigurationIsVisible = 0;
			defaultConfigurationName = Release;
		};
/* End XCConfigurationList section */
	};
	rootObject = B9EF98A32446CDC70095A3AE /* Project object */;
}
